Microsoft Visual Studio Solution File, Format Version 11.00
# Visual Studio 2008

Project("{E8E11682-2E86-76F2-57D6-FD603CF0F040}") = "Cubes", "Assembly-CSharp.csproj", "{84174D7D-7DCC-4544-112F-78637EC20626}"
EndProject
Global
	GlobalSection(SolutionConfigurationPlatforms) = preSolution
		Debug|Any CPU = Debug|Any CPU
		Release|Any CPU = Release|Any CPU
	EndGlobalSection
	GlobalSection(ProjectConfigurationPlatforms) = postSolution
		{84174D7D-7DCC-4544-112F-78637EC20626}.Debug|Any CPU.ActiveCfg = Debug|Any CPU
		{84174D7D-7DCC-4544-112F-78637EC20626}.Debug|Any CPU.Build.0 = Debug|Any CPU
		{84174D7D-7DCC-4544-112F-78637EC20626}.Release|Any CPU.ActiveCfg = Release|Any CPU
		{84174D7D-7DCC-4544-112F-78637EC20626}.Release|Any CPU.Build.0 = Release|Any CPU
	EndGlobalSection
	GlobalSection(SolutionProperties) = preSolution
		HideSolutionNode = FALSE
	EndGlobalSection
	GlobalSection(MonoDevelopProperties) = preSolution
		StartupItem = Assembly-CSharp.csproj
	EndGlobalSection
EndGlobal
